// !$*UTF8*$!
{
	archiveVersion = 1;
	classes = {
	};
	objectVersion = 56;
	objects = {

/* Begin PBXBuildFile section */
		A3122AFC29CC596400C08EEA /* AppDelegate.swift in Sources */ = {isa = PBXBuildFile; fileRef = A3122AFB29CC596400C08EEA /* AppDelegate.swift */; };
		A3122AFE29CC596400C08EEA /* SceneDelegate.swift in Sources */ = {isa = PBXBuildFile; fileRef = A3122AFD29CC596400C08EEA /* SceneDelegate.swift */; };
		A3122B0029CC596400C08EEA /* TrackerViewController.swift in Sources */ = {isa = PBXBuildFile; fileRef = A3122AFF29CC596400C08EEA /* TrackerViewController.swift */; };
		A3122B0529CC596600C08EEA /* Assets.xcassets in Resources */ = {isa = PBXBuildFile; fileRef = A3122B0429CC596600C08EEA /* Assets.xcassets */; };
		A3122B0829CC596600C08EEA /* LaunchScreen.storyboard in Resources */ = {isa = PBXBuildFile; fileRef = A3122B0629CC596600C08EEA /* LaunchScreen.storyboard */; };
		A3122B1029CC8AB400C08EEA /* TrackerCollectionViewCell.swift in Sources */ = {isa = PBXBuildFile; fileRef = A3122B0F29CC8AB400C08EEA /* TrackerCollectionViewCell.swift */; };
		A3122B1229CCC5DC00C08EEA /* SupplementaryView.swift in Sources */ = {isa = PBXBuildFile; fileRef = A3122B1129CCC5DC00C08EEA /* SupplementaryView.swift */; };
		A334C62229CF040700484BAA /* TabBarController.swift in Sources */ = {isa = PBXBuildFile; fileRef = A334C62129CF040700484BAA /* TabBarController.swift */; };
		A334C62429CF09D000484BAA /* StatisticViewController.swift in Sources */ = {isa = PBXBuildFile; fileRef = A334C62329CF09D000484BAA /* StatisticViewController.swift */; };
		A334C62629CF179B00484BAA /* UIColor+Extension.swift in Sources */ = {isa = PBXBuildFile; fileRef = A334C62529CF179B00484BAA /* UIColor+Extension.swift */; };
		A334C62E29CF1AAB00484BAA /* YS-Display-Medium.ttf in Resources */ = {isa = PBXBuildFile; fileRef = A334C62C29CF1AAB00484BAA /* YS-Display-Medium.ttf */; };
		A334C62F29CF1AAB00484BAA /* YS-Display-Bold.ttf in Resources */ = {isa = PBXBuildFile; fileRef = A334C62D29CF1AAB00484BAA /* YS-Display-Bold.ttf */; };
		A334C63129CF1C0800484BAA /* UIFont+Extensions.swift in Sources */ = {isa = PBXBuildFile; fileRef = A334C63029CF1C0800484BAA /* UIFont+Extensions.swift */; };
		A334C63329CF1D6300484BAA /* SF-Pro-Text-Regular.otf in Resources */ = {isa = PBXBuildFile; fileRef = A334C63229CF1D6300484BAA /* SF-Pro-Text-Regular.otf */; };
		A336A68A29D2062E00455A29 /* SuplementeryCollectionViewCell.swift in Sources */ = {isa = PBXBuildFile; fileRef = A336A68929D2062E00455A29 /* SuplementeryCollectionViewCell.swift */; };
		A33894A429D490E1003A8A6A /* CategoriesViewController.swift in Sources */ = {isa = PBXBuildFile; fileRef = A33894A329D490E0003A8A6A /* CategoriesViewController.swift */; };
		A33894A629D498F6003A8A6A /* NewCategoryViewController.swift in Sources */ = {isa = PBXBuildFile; fileRef = A33894A529D498F6003A8A6A /* NewCategoryViewController.swift */; };
		A33894A829D5FCF6003A8A6A /* ScheduleViewController.swift in Sources */ = {isa = PBXBuildFile; fileRef = A33894A729D5FCF6003A8A6A /* ScheduleViewController.swift */; };
		A34EB28429D09D0F00A0E475 /* Tracker.swift in Sources */ = {isa = PBXBuildFile; fileRef = A34EB28329D09D0F00A0E475 /* Tracker.swift */; };
		A34EB28629D09E8200A0E475 /* TrackerCategory.swift in Sources */ = {isa = PBXBuildFile; fileRef = A34EB28529D09E8200A0E475 /* TrackerCategory.swift */; };
		A34EB28829D09EE200A0E475 /* TrackerRecord.swift in Sources */ = {isa = PBXBuildFile; fileRef = A34EB28729D09EE200A0E475 /* TrackerRecord.swift */; };
		A34EB28A29D0AAA400A0E475 /* TypeNewTrackerViewController.swift in Sources */ = {isa = PBXBuildFile; fileRef = A34EB28929D0AAA400A0E475 /* TypeNewTrackerViewController.swift */; };
		A34EB28C29D0BC6E00A0E475 /* NewTrackerViewController.swift in Sources */ = {isa = PBXBuildFile; fileRef = A34EB28B29D0BC6E00A0E475 /* NewTrackerViewController.swift */; };
		A34EB28E29D0E92900A0E475 /* SuplementaryCollection.swift in Sources */ = {isa = PBXBuildFile; fileRef = A34EB28D29D0E92900A0E475 /* SuplementaryCollection.swift */; };
		A3C7B3FF29D74DDA0033F251 /* ScreenTransitionProtocol.swift in Sources */ = {isa = PBXBuildFile; fileRef = A3C7B3FE29D74DDA0033F251 /* ScreenTransitionProtocol.swift */; };
		A3C7B40129DA31800033F251 /* MockTrackers.swift in Sources */ = {isa = PBXBuildFile; fileRef = A3C7B40029DA31800033F251 /* MockTrackers.swift */; };
/* End PBXBuildFile section */

/* Begin PBXFileReference section */
		A3122AF829CC596400C08EEA /* Tracker.app */ = {isa = PBXFileReference; explicitFileType = wrapper.application; includeInIndex = 0; path = Tracker.app; sourceTree = BUILT_PRODUCTS_DIR; };
		A3122AFB29CC596400C08EEA /* AppDelegate.swift */ = {isa = PBXFileReference; lastKnownFileType = sourcecode.swift; path = AppDelegate.swift; sourceTree = "<group>"; };
		A3122AFD29CC596400C08EEA /* SceneDelegate.swift */ = {isa = PBXFileReference; lastKnownFileType = sourcecode.swift; path = SceneDelegate.swift; sourceTree = "<group>"; };
		A3122AFF29CC596400C08EEA /* TrackerViewController.swift */ = {isa = PBXFileReference; lastKnownFileType = sourcecode.swift; path = TrackerViewController.swift; sourceTree = "<group>"; };
		A3122B0429CC596600C08EEA /* Assets.xcassets */ = {isa = PBXFileReference; lastKnownFileType = folder.assetcatalog; path = Assets.xcassets; sourceTree = "<group>"; };
		A3122B0729CC596600C08EEA /* Base */ = {isa = PBXFileReference; lastKnownFileType = file.storyboard; name = Base; path = Base.lproj/LaunchScreen.storyboard; sourceTree = "<group>"; };
		A3122B0929CC596600C08EEA /* Info.plist */ = {isa = PBXFileReference; lastKnownFileType = text.plist.xml; name = Info.plist; path = "Tracker/Supporting Files/Resources/Info.plist"; sourceTree = SOURCE_ROOT; };
		A3122B0F29CC8AB400C08EEA /* TrackerCollectionViewCell.swift */ = {isa = PBXFileReference; lastKnownFileType = sourcecode.swift; path = TrackerCollectionViewCell.swift; sourceTree = "<group>"; };
		A3122B1129CCC5DC00C08EEA /* SupplementaryView.swift */ = {isa = PBXFileReference; lastKnownFileType = sourcecode.swift; path = SupplementaryView.swift; sourceTree = "<group>"; };
		A334C62129CF040700484BAA /* TabBarController.swift */ = {isa = PBXFileReference; lastKnownFileType = sourcecode.swift; path = TabBarController.swift; sourceTree = "<group>"; };
		A334C62329CF09D000484BAA /* StatisticViewController.swift */ = {isa = PBXFileReference; lastKnownFileType = sourcecode.swift; path = StatisticViewController.swift; sourceTree = "<group>"; };
		A334C62529CF179B00484BAA /* UIColor+Extension.swift */ = {isa = PBXFileReference; lastKnownFileType = sourcecode.swift; path = "UIColor+Extension.swift"; sourceTree = "<group>"; };
		A334C62C29CF1AAB00484BAA /* YS-Display-Medium.ttf */ = {isa = PBXFileReference; lastKnownFileType = file; name = "YS-Display-Medium.ttf"; path = "Tracker/Supporting Files/Resources/YS-Display-Medium.ttf"; sourceTree = SOURCE_ROOT; };
		A334C62D29CF1AAB00484BAA /* YS-Display-Bold.ttf */ = {isa = PBXFileReference; lastKnownFileType = file; name = "YS-Display-Bold.ttf"; path = "Tracker/Supporting Files/Resources/YS-Display-Bold.ttf"; sourceTree = SOURCE_ROOT; };
		A334C63029CF1C0800484BAA /* UIFont+Extensions.swift */ = {isa = PBXFileReference; lastKnownFileType = sourcecode.swift; path = "UIFont+Extensions.swift"; sourceTree = "<group>"; };
		A334C63229CF1D6300484BAA /* SF-Pro-Text-Regular.otf */ = {isa = PBXFileReference; lastKnownFileType = file; name = "SF-Pro-Text-Regular.otf"; path = "Tracker/Supporting Files/Resources/SF-Pro-Text-Regular.otf"; sourceTree = SOURCE_ROOT; };
		A336A68929D2062E00455A29 /* SuplementeryCollectionViewCell.swift */ = {isa = PBXFileReference; lastKnownFileType = sourcecode.swift; path = SuplementeryCollectionViewCell.swift; sourceTree = "<group>"; };
		A33894A329D490E0003A8A6A /* CategoriesViewController.swift */ = {isa = PBXFileReference; lastKnownFileType = sourcecode.swift; path = CategoriesViewController.swift; sourceTree = "<group>"; };
		A33894A529D498F6003A8A6A /* NewCategoryViewController.swift */ = {isa = PBXFileReference; lastKnownFileType = sourcecode.swift; path = NewCategoryViewController.swift; sourceTree = "<group>"; };
		A33894A729D5FCF6003A8A6A /* ScheduleViewController.swift */ = {isa = PBXFileReference; lastKnownFileType = sourcecode.swift; path = ScheduleViewController.swift; sourceTree = "<group>"; };
		A34EB28329D09D0F00A0E475 /* Tracker.swift */ = {isa = PBXFileReference; lastKnownFileType = sourcecode.swift; path = Tracker.swift; sourceTree = "<group>"; };
		A34EB28529D09E8200A0E475 /* TrackerCategory.swift */ = {isa = PBXFileReference; lastKnownFileType = sourcecode.swift; path = TrackerCategory.swift; sourceTree = "<group>"; };
		A34EB28729D09EE200A0E475 /* TrackerRecord.swift */ = {isa = PBXFileReference; lastKnownFileType = sourcecode.swift; path = TrackerRecord.swift; sourceTree = "<group>"; };
		A34EB28929D0AAA400A0E475 /* TypeNewTrackerViewController.swift */ = {isa = PBXFileReference; lastKnownFileType = sourcecode.swift; path = TypeNewTrackerViewController.swift; sourceTree = "<group>"; };
		A34EB28B29D0BC6E00A0E475 /* NewTrackerViewController.swift */ = {isa = PBXFileReference; lastKnownFileType = sourcecode.swift; path = NewTrackerViewController.swift; sourceTree = "<group>"; };
		A34EB28D29D0E92900A0E475 /* SuplementaryCollection.swift */ = {isa = PBXFileReference; lastKnownFileType = sourcecode.swift; path = SuplementaryCollection.swift; sourceTree = "<group>"; };
		A3C7B3FE29D74DDA0033F251 /* ScreenTransitionProtocol.swift */ = {isa = PBXFileReference; lastKnownFileType = sourcecode.swift; path = ScreenTransitionProtocol.swift; sourceTree = "<group>"; };
		A3C7B40029DA31800033F251 /* MockTrackers.swift */ = {isa = PBXFileReference; lastKnownFileType = sourcecode.swift; path = MockTrackers.swift; sourceTree = "<group>"; };
/* End PBXFileReference section */

/* Begin PBXFrameworksBuildPhase section */
		A3122AF529CC596400C08EEA /* Frameworks */ = {
			isa = PBXFrameworksBuildPhase;
			buildActionMask = 2147483647;
			files = (
			);
			runOnlyForDeploymentPostprocessing = 0;
		};
/* End PBXFrameworksBuildPhase section */

/* Begin PBXGroup section */
		A3122AEF29CC596400C08EEA = {
			isa = PBXGroup;
			children = (
				A3122AFA29CC596400C08EEA /* Tracker */,
				A3122AF929CC596400C08EEA /* Products */,
			);
			sourceTree = "<group>";
		};
		A3122AF929CC596400C08EEA /* Products */ = {
			isa = PBXGroup;
			children = (
				A3122AF829CC596400C08EEA /* Tracker.app */,
			);
			name = Products;
			sourceTree = "<group>";
		};
		A3122AFA29CC596400C08EEA /* Tracker */ = {
			isa = PBXGroup;
			children = (
				A34EB28229D09BCC00A0E475 /* Models */,
				A334C62A29CF1A4100484BAA /* Controllers */,
				A334C62B29CF1A5200484BAA /* Views */,
				A334C62829CF1A1100484BAA /* Supporting Files */,
			);
			path = Tracker;
			sourceTree = "<group>";
		};
		A334C62729CF19DB00484BAA /* Resources */ = {
			isa = PBXGroup;
			children = (
				A334C62D29CF1AAB00484BAA /* YS-Display-Bold.ttf */,
				A334C62C29CF1AAB00484BAA /* YS-Display-Medium.ttf */,
				A334C63229CF1D6300484BAA /* SF-Pro-Text-Regular.otf */,
				A3122B0429CC596600C08EEA /* Assets.xcassets */,
				A3122B0929CC596600C08EEA /* Info.plist */,
			);
			path = Resources;
			sourceTree = "<group>";
		};
		A334C62829CF1A1100484BAA /* Supporting Files */ = {
			isa = PBXGroup;
			children = (
				A3122AFB29CC596400C08EEA /* AppDelegate.swift */,
				A3122AFD29CC596400C08EEA /* SceneDelegate.swift */,
				A3122B0629CC596600C08EEA /* LaunchScreen.storyboard */,
				A334C62929CF1A2200484BAA /* Helpers */,
				A334C62729CF19DB00484BAA /* Resources */,
			);
			path = "Supporting Files";
			sourceTree = "<group>";
		};
		A334C62929CF1A2200484BAA /* Helpers */ = {
			isa = PBXGroup;
			children = (
				A334C62529CF179B00484BAA /* UIColor+Extension.swift */,
				A334C63029CF1C0800484BAA /* UIFont+Extensions.swift */,
				A3C7B3FE29D74DDA0033F251 /* ScreenTransitionProtocol.swift */,
				A3C7B40029DA31800033F251 /* MockTrackers.swift */,
			);
			path = Helpers;
			sourceTree = "<group>";
		};
		A334C62A29CF1A4100484BAA /* Controllers */ = {
			isa = PBXGroup;
			children = (
				A334C62129CF040700484BAA /* TabBarController.swift */,
				A3122AFF29CC596400C08EEA /* TrackerViewController.swift */,
				A334C62329CF09D000484BAA /* StatisticViewController.swift */,
				A34EB28929D0AAA400A0E475 /* TypeNewTrackerViewController.swift */,
				A34EB28B29D0BC6E00A0E475 /* NewTrackerViewController.swift */,
				A33894A329D490E0003A8A6A /* CategoriesViewController.swift */,
				A33894A529D498F6003A8A6A /* NewCategoryViewController.swift */,
				A33894A729D5FCF6003A8A6A /* ScheduleViewController.swift */,
			);
			path = Controllers;
			sourceTree = "<group>";
		};
		A334C62B29CF1A5200484BAA /* Views */ = {
			isa = PBXGroup;
			children = (
				A3122B1129CCC5DC00C08EEA /* SupplementaryView.swift */,
				A3122B0F29CC8AB400C08EEA /* TrackerCollectionViewCell.swift */,
				A34EB28D29D0E92900A0E475 /* SuplementaryCollection.swift */,
				A336A68929D2062E00455A29 /* SuplementeryCollectionViewCell.swift */,
			);
			path = Views;
			sourceTree = "<group>";
		};
		A34EB28229D09BCC00A0E475 /* Models */ = {
			isa = PBXGroup;
			children = (
				A34EB28329D09D0F00A0E475 /* Tracker.swift */,
				A34EB28529D09E8200A0E475 /* TrackerCategory.swift */,
				A34EB28729D09EE200A0E475 /* TrackerRecord.swift */,
			);
			path = Models;
			sourceTree = "<group>";
		};
/* End PBXGroup section */

/* Begin PBXNativeTarget section */
		A3122AF729CC596400C08EEA /* Tracker */ = {
			isa = PBXNativeTarget;
			buildConfigurationList = A3122B0C29CC596600C08EEA /* Build configuration list for PBXNativeTarget "Tracker" */;
			buildPhases = (
				A3122AF429CC596400C08EEA /* Sources */,
				A3122AF529CC596400C08EEA /* Frameworks */,
				A3122AF629CC596400C08EEA /* Resources */,
			);
			buildRules = (
			);
			dependencies = (
			);
			name = Tracker;
			productName = Tracker;
			productReference = A3122AF829CC596400C08EEA /* Tracker.app */;
			productType = "com.apple.product-type.application";
		};
/* End PBXNativeTarget section */

/* Begin PBXProject section */
		A3122AF029CC596400C08EEA /* Project object */ = {
			isa = PBXProject;
			attributes = {
				BuildIndependentTargetsInParallel = 1;
				LastSwiftUpdateCheck = 1420;
				LastUpgradeCheck = 1420;
				TargetAttributes = {
					A3122AF729CC596400C08EEA = {
						CreatedOnToolsVersion = 14.2;
					};
				};
			};
			buildConfigurationList = A3122AF329CC596400C08EEA /* Build configuration list for PBXProject "Tracker" */;
			compatibilityVersion = "Xcode 14.0";
			developmentRegion = en;
			hasScannedForEncodings = 0;
			knownRegions = (
				en,
				Base,
			);
			mainGroup = A3122AEF29CC596400C08EEA;
			productRefGroup = A3122AF929CC596400C08EEA /* Products */;
			projectDirPath = "";
			projectRoot = "";
			targets = (
				A3122AF729CC596400C08EEA /* Tracker */,
			);
		};
/* End PBXProject section */

/* Begin PBXResourcesBuildPhase section */
		A3122AF629CC596400C08EEA /* Resources */ = {
			isa = PBXResourcesBuildPhase;
			buildActionMask = 2147483647;
			files = (
				A3122B0829CC596600C08EEA /* LaunchScreen.storyboard in Resources */,
				A334C63329CF1D6300484BAA /* SF-Pro-Text-Regular.otf in Resources */,
				A334C62E29CF1AAB00484BAA /* YS-Display-Medium.ttf in Resources */,
				A3122B0529CC596600C08EEA /* Assets.xcassets in Resources */,
				A334C62F29CF1AAB00484BAA /* YS-Display-Bold.ttf in Resources */,
			);
			runOnlyForDeploymentPostprocessing = 0;
		};
/* End PBXResourcesBuildPhase section */

/* Begin PBXSourcesBuildPhase section */
		A3122AF429CC596400C08EEA /* Sources */ = {
			isa = PBXSourcesBuildPhase;
			buildActionMask = 2147483647;
			files = (
				A3C7B3FF29D74DDA0033F251 /* ScreenTransitionProtocol.swift in Sources */,
				A3122B1029CC8AB400C08EEA /* TrackerCollectionViewCell.swift in Sources */,
				A33894A629D498F6003A8A6A /* NewCategoryViewController.swift in Sources */,
				A334C62429CF09D000484BAA /* StatisticViewController.swift in Sources */,
				A34EB28C29D0BC6E00A0E475 /* NewTrackerViewController.swift in Sources */,
				A336A68A29D2062E00455A29 /* SuplementeryCollectionViewCell.swift in Sources */,
				A3122B0029CC596400C08EEA /* TrackerViewController.swift in Sources */,
				A33894A429D490E1003A8A6A /* CategoriesViewController.swift in Sources */,
				A3122AFC29CC596400C08EEA /* AppDelegate.swift in Sources */,
				A334C62229CF040700484BAA /* TabBarController.swift in Sources */,
				A34EB28E29D0E92900A0E475 /* SuplementaryCollection.swift in Sources */,
				A34EB28829D09EE200A0E475 /* TrackerRecord.swift in Sources */,
				A3C7B40129DA31800033F251 /* MockTrackers.swift in Sources */,
				A33894A829D5FCF6003A8A6A /* ScheduleViewController.swift in Sources */,
				A3122B1229CCC5DC00C08EEA /* SupplementaryView.swift in Sources */,
				A34EB28429D09D0F00A0E475 /* Tracker.swift in Sources */,
				A3122AFE29CC596400C08EEA /* SceneDelegate.swift in Sources */,
				A334C63129CF1C0800484BAA /* UIFont+Extensions.swift in Sources */,
				A334C62629CF179B00484BAA /* UIColor+Extension.swift in Sources */,
				A34EB28629D09E8200A0E475 /* TrackerCategory.swift in Sources */,
				A34EB28A29D0AAA400A0E475 /* TypeNewTrackerViewController.swift in Sources */,
			);
			runOnlyForDeploymentPostprocessing = 0;
		};
/* End PBXSourcesBuildPhase section */

/* Begin PBXVariantGroup section */
		A3122B0629CC596600C08EEA /* LaunchScreen.storyboard */ = {
			isa = PBXVariantGroup;
			children = (
				A3122B0729CC596600C08EEA /* Base */,
			);
			name = LaunchScreen.storyboard;
			sourceTree = "<group>";
		};
/* End PBXVariantGroup section */

/* Begin XCBuildConfiguration section */
		A3122B0A29CC596600C08EEA /* Debug */ = {
			isa = XCBuildConfiguration;
			buildSettings = {
				ALWAYS_SEARCH_USER_PATHS = NO;
				CLANG_ANALYZER_NONNULL = YES;
				CLANG_ANALYZER_NUMBER_OBJECT_CONVERSION = YES_AGGRESSIVE;
				CLANG_CXX_LANGUAGE_STANDARD = "gnu++20";
				CLANG_ENABLE_MODULES = YES;
				CLANG_ENABLE_OBJC_ARC = YES;
				CLANG_ENABLE_OBJC_WEAK = YES;
				CLANG_WARN_BLOCK_CAPTURE_AUTORELEASING = YES;
				CLANG_WARN_BOOL_CONVERSION = YES;
				CLANG_WARN_COMMA = YES;
				CLANG_WARN_CONSTANT_CONVERSION = YES;
				CLANG_WARN_DEPRECATED_OBJC_IMPLEMENTATIONS = YES;
				CLANG_WARN_DIRECT_OBJC_ISA_USAGE = YES_ERROR;
				CLANG_WARN_DOCUMENTATION_COMMENTS = YES;
				CLANG_WARN_EMPTY_BODY = YES;
				CLANG_WARN_ENUM_CONVERSION = YES;
				CLANG_WARN_INFINITE_RECURSION = YES;
				CLANG_WARN_INT_CONVERSION = YES;
				CLANG_WARN_NON_LITERAL_NULL_CONVERSION = YES;
				CLANG_WARN_OBJC_IMPLICIT_RETAIN_SELF = YES;
				CLANG_WARN_OBJC_LITERAL_CONVERSION = YES;
				CLANG_WARN_OBJC_ROOT_CLASS = YES_ERROR;
				CLANG_WARN_QUOTED_INCLUDE_IN_FRAMEWORK_HEADER = YES;
				CLANG_WARN_RANGE_LOOP_ANALYSIS = YES;
				CLANG_WARN_STRICT_PROTOTYPES = YES;
				CLANG_WARN_SUSPICIOUS_MOVE = YES;
				CLANG_WARN_UNGUARDED_AVAILABILITY = YES_AGGRESSIVE;
				CLANG_WARN_UNREACHABLE_CODE = YES;
				CLANG_WARN__DUPLICATE_METHOD_MATCH = YES;
				COPY_PHASE_STRIP = NO;
				DEBUG_INFORMATION_FORMAT = dwarf;
				ENABLE_STRICT_OBJC_MSGSEND = YES;
				ENABLE_TESTABILITY = YES;
				GCC_C_LANGUAGE_STANDARD = gnu11;
				GCC_DYNAMIC_NO_PIC = NO;
				GCC_NO_COMMON_BLOCKS = YES;
				GCC_OPTIMIZATION_LEVEL = 0;
				GCC_PREPROCESSOR_DEFINITIONS = (
					"DEBUG=1",
					"$(inherited)",
				);
				GCC_WARN_64_TO_32_BIT_CONVERSION = YES;
				GCC_WARN_ABOUT_RETURN_TYPE = YES_ERROR;
				GCC_WARN_UNDECLARED_SELECTOR = YES;
				GCC_WARN_UNINITIALIZED_AUTOS = YES_AGGRESSIVE;
				GCC_WARN_UNUSED_FUNCTION = YES;
				GCC_WARN_UNUSED_VARIABLE = YES;
				INFOPLIST_FILE = "/Users/dmitriimartynov/Development/Practicum/Tracker/Tracker/Supporting Files/Resources/Info.plist";
				IPHONEOS_DEPLOYMENT_TARGET = 16.2;
				MTL_ENABLE_DEBUG_INFO = INCLUDE_SOURCE;
				MTL_FAST_MATH = YES;
				ONLY_ACTIVE_ARCH = YES;
				SDKROOT = iphoneos;
				SWIFT_ACTIVE_COMPILATION_CONDITIONS = DEBUG;
				SWIFT_OPTIMIZATION_LEVEL = "-Onone";
			};
			name = Debug;
		};
		A3122B0B29CC596600C08EEA /* Release */ = {
			isa = XCBuildConfiguration;
			buildSettings = {
				ALWAYS_SEARCH_USER_PATHS = NO;
				CLANG_ANALYZER_NONNULL = YES;
				CLANG_ANALYZER_NUMBER_OBJECT_CONVERSION = YES_AGGRESSIVE;
				CLANG_CXX_LANGUAGE_STANDARD = "gnu++20";
				CLANG_ENABLE_MODULES = YES;
				CLANG_ENABLE_OBJC_ARC = YES;
				CLANG_ENABLE_OBJC_WEAK = YES;
				CLANG_WARN_BLOCK_CAPTURE_AUTORELEASING = YES;
				CLANG_WARN_BOOL_CONVERSION = YES;
				CLANG_WARN_COMMA = YES;
				CLANG_WARN_CONSTANT_CONVERSION = YES;
				CLANG_WARN_DEPRECATED_OBJC_IMPLEMENTATIONS = YES;
				CLANG_WARN_DIRECT_OBJC_ISA_USAGE = YES_ERROR;
				CLANG_WARN_DOCUMENTATION_COMMENTS = YES;
				CLANG_WARN_EMPTY_BODY = YES;
				CLANG_WARN_ENUM_CONVERSION = YES;
				CLANG_WARN_INFINITE_RECURSION = YES;
				CLANG_WARN_INT_CONVERSION = YES;
				CLANG_WARN_NON_LITERAL_NULL_CONVERSION = YES;
				CLANG_WARN_OBJC_IMPLICIT_RETAIN_SELF = YES;
				CLANG_WARN_OBJC_LITERAL_CONVERSION = YES;
				CLANG_WARN_OBJC_ROOT_CLASS = YES_ERROR;
				CLANG_WARN_QUOTED_INCLUDE_IN_FRAMEWORK_HEADER = YES;
				CLANG_WARN_RANGE_LOOP_ANALYSIS = YES;
				CLANG_WARN_STRICT_PROTOTYPES = YES;
				CLANG_WARN_SUSPICIOUS_MOVE = YES;
				CLANG_WARN_UNGUARDED_AVAILABILITY = YES_AGGRESSIVE;
				CLANG_WARN_UNREACHABLE_CODE = YES;
				CLANG_WARN__DUPLICATE_METHOD_MATCH = YES;
				COPY_PHASE_STRIP = NO;
				DEBUG_INFORMATION_FORMAT = "dwarf-with-dsym";
				ENABLE_NS_ASSERTIONS = NO;
				ENABLE_STRICT_OBJC_MSGSEND = YES;
				GCC_C_LANGUAGE_STANDARD = gnu11;
				GCC_NO_COMMON_BLOCKS = YES;
				GCC_WARN_64_TO_32_BIT_CONVERSION = YES;
				GCC_WARN_ABOUT_RETURN_TYPE = YES_ERROR;
				GCC_WARN_UNDECLARED_SELECTOR = YES;
				GCC_WARN_UNINITIALIZED_AUTOS = YES_AGGRESSIVE;
				GCC_WARN_UNUSED_FUNCTION = YES;
				GCC_WARN_UNUSED_VARIABLE = YES;
				INFOPLIST_FILE = "/Users/dmitriimartynov/Development/Practicum/Tracker/Tracker/Supporting Files/Resources/Info.plist";
				IPHONEOS_DEPLOYMENT_TARGET = 16.2;
				MTL_ENABLE_DEBUG_INFO = NO;
				MTL_FAST_MATH = YES;
				SDKROOT = iphoneos;
				SWIFT_COMPILATION_MODE = wholemodule;
				SWIFT_OPTIMIZATION_LEVEL = "-O";
				VALIDATE_PRODUCT = YES;
			};
			name = Release;
		};
		A3122B0D29CC596600C08EEA /* Debug */ = {
			isa = XCBuildConfiguration;
			buildSettings = {
				ASSETCATALOG_COMPILER_APPICON_NAME = AppIcon;
				ASSETCATALOG_COMPILER_GLOBAL_ACCENT_COLOR_NAME = AccentColor;
				CODE_SIGN_STYLE = Automatic;
				CURRENT_PROJECT_VERSION = 1;
				DEVELOPMENT_TEAM = SDLP5C8V69;
				GENERATE_INFOPLIST_FILE = YES;
				INFOPLIST_FILE = "Tracker/Supporting Files/Resources/Info.plist";
				INFOPLIST_KEY_UIApplicationSupportsIndirectInputEvents = YES;
				INFOPLIST_KEY_UILaunchStoryboardName = LaunchScreen;
				INFOPLIST_KEY_UISupportedInterfaceOrientations = UIInterfaceOrientationPortrait;
				INFOPLIST_KEY_UISupportedInterfaceOrientations_iPad = "UIInterfaceOrientationLandscapeLeft UIInterfaceOrientationLandscapeRight UIInterfaceOrientationPortrait UIInterfaceOrientationPortraitUpsideDown";
				IPHONEOS_DEPLOYMENT_TARGET = 13.4;
				LD_RUNPATH_SEARCH_PATHS = (
					"$(inherited)",
					"@executable_path/Frameworks",
				);
				MARKETING_VERSION = 1.0;
				PRODUCT_BUNDLE_IDENTIFIER = "Dmitrii-Martynov.Tracker";
				PRODUCT_NAME = "$(TARGET_NAME)";
				SUPPORTED_PLATFORMS = "iphoneos iphonesimulator";
				SUPPORTS_MACCATALYST = NO;
				SUPPORTS_MAC_DESIGNED_FOR_IPHONE_IPAD = NO;
				SWIFT_EMIT_LOC_STRINGS = YES;
				SWIFT_VERSION = 5.0;
				TARGETED_DEVICE_FAMILY = 1;
			};
			name = Debug;
		};
		A3122B0E29CC596600C08EEA /* Release */ = {
			isa = XCBuildConfiguration;
			buildSettings = {
				ASSETCATALOG_COMPILER_APPICON_NAME = AppIcon;
				ASSETCATALOG_COMPILER_GLOBAL_ACCENT_COLOR_NAME = AccentColor;
				CODE_SIGN_STYLE = Automatic;
				CURRENT_PROJECT_VERSION = 1;
				DEVELOPMENT_TEAM = SDLP5C8V69;
				GENERATE_INFOPLIST_FILE = YES;
				INFOPLIST_FILE = "Tracker/Supporting Files/Resources/Info.plist";
				INFOPLIST_KEY_UIApplicationSupportsIndirectInputEvents = YES;
				INFOPLIST_KEY_UILaunchStoryboardName = LaunchScreen;
				INFOPLIST_KEY_UISupportedInterfaceOrientations = UIInterfaceOrientationPortrait;
				INFOPLIST_KEY_UISupportedInterfaceOrientations_iPad = "UIInterfaceOrientationLandscapeLeft UIInterfaceOrientationLandscapeRight UIInterfaceOrientationPortrait UIInterfaceOrientationPortraitUpsideDown";
				IPHONEOS_DEPLOYMENT_TARGET = 13.4;
				LD_RUNPATH_SEARCH_PATHS = (
					"$(inherited)",
					"@executable_path/Frameworks",
				);
				MARKETING_VERSION = 1.0;
				PRODUCT_BUNDLE_IDENTIFIER = "Dmitrii-Martynov.Tracker";
				PRODUCT_NAME = "$(TARGET_NAME)";
				SUPPORTED_PLATFORMS = "iphoneos iphonesimulator";
				SUPPORTS_MACCATALYST = NO;
				SUPPORTS_MAC_DESIGNED_FOR_IPHONE_IPAD = NO;
				SWIFT_EMIT_LOC_STRINGS = YES;
				SWIFT_VERSION = 5.0;
				TARGETED_DEVICE_FAMILY = 1;
			};
			name = Release;
		};
/* End XCBuildConfiguration section */

/* Begin XCConfigurationList section */
		A3122AF329CC596400C08EEA /* Build configuration list for PBXProject "Tracker" */ = {
			isa = XCConfigurationList;
			buildConfigurations = (
				A3122B0A29CC596600C08EEA /* Debug */,
				A3122B0B29CC596600C08EEA /* Release */,
			);
			defaultConfigurationIsVisible = 0;
			defaultConfigurationName = Release;
		};
		A3122B0C29CC596600C08EEA /* Build configuration list for PBXNativeTarget "Tracker" */ = {
			isa = XCConfigurationList;
			buildConfigurations = (
				A3122B0D29CC596600C08EEA /* Debug */,
				A3122B0E29CC596600C08EEA /* Release */,
			);
			defaultConfigurationIsVisible = 0;
			defaultConfigurationName = Release;
		};
/* End XCConfigurationList section */
	};
	rootObject = A3122AF029CC596400C08EEA /* Project object */;
}
